
Microsoft Visual Studio Solution File, Format Version 12.00
# Visual Studio Version 16
VisualStudioVersion = 16.0.29509.3
MinimumVisualStudioVersion = 10.0.40219.1
Project("{FAE04EC0-301F-11D3-BF4B-00C04F79EFBC}") = "CDTP_serial", "CDTP_serial\CDTP_serial.csproj", "{6243B7C8-589B-44E6-9BF9-400948A4B1FA}"
EndProject
Global
	GlobalSection(SolutionConfigurationPlatforms) = preSolution
		Debug|Any CPU = Debug|Any CPU
		Release|Any CPU = Release|Any CPU
	EndGlobalSection
	GlobalSection(ProjectConfigurationPlatforms) = postSolution
		{6243B7C8-589B-44E6-9BF9-400948A4B1FA}.Debug|Any CPU.ActiveCfg = Debug|Any CPU
		{6243B7C8-589B-44E6-9BF9-400948A4B1FA}.Debug|Any CPU.Build.0 = Debug|Any CPU
		{6243B7C8-589B-44E6-9BF9-400948A4B1FA}.Release|Any CPU.ActiveCfg = Release|Any CPU
		{6243B7C8-589B-44E6-9BF9-400948A4B1FA}.Release|Any CPU.Build.0 = Release|Any CPU
	EndGlobalSection
	GlobalSection(SolutionProperties) = preSolution
		HideSolutionNode = FALSE
	EndGlobalSection
	GlobalSection(ExtensibilityGlobals) = postSolution
		SolutionGuid = {7B549158-7A00-4D34-ADBF-5A0B3B7AFE98}
	EndGlobalSection
EndGlobal
